// !$*UTF8*$!
{
	archiveVersion = 1;
	classes = {
	};
	objectVersion = 46;
	objects = {

/* Begin PBXBuildFile section */
		400647451C0187FB00E9BEA8 /* QuotesListController.swift in Sources */ = {isa = PBXBuildFile; fileRef = 400647441C0187FB00E9BEA8 /* QuotesListController.swift */; };
		400647491C0188ED00E9BEA8 /* QuoteGeneratorViewController.swift in Sources */ = {isa = PBXBuildFile; fileRef = 400647481C0188ED00E9BEA8 /* QuoteGeneratorViewController.swift */; };
		406843BF1C0377F000A7CF7C /* QuoteViewCell.swift in Sources */ = {isa = PBXBuildFile; fileRef = 406843BE1C0377F000A7CF7C /* QuoteViewCell.swift */; };
		406843C11C037A8000A7CF7C /* QuoteDetailViewController.swift in Sources */ = {isa = PBXBuildFile; fileRef = 406843C01C037A8000A7CF7C /* QuoteDetailViewController.swift */; };
		407E14C31C00AAB40017B3FB /* AppDelegate.swift in Sources */ = {isa = PBXBuildFile; fileRef = 407E14C21C00AAB40017B3FB /* AppDelegate.swift */; };
		407E14C81C00AAB40017B3FB /* Main.storyboard in Resources */ = {isa = PBXBuildFile; fileRef = 407E14C61C00AAB40017B3FB /* Main.storyboard */; };
		407E14CB1C00AAB40017B3FB /* BigQuote.xcdatamodeld in Sources */ = {isa = PBXBuildFile; fileRef = 407E14C91C00AAB40017B3FB /* BigQuote.xcdatamodeld */; };
		407E14CD1C00AAB40017B3FB /* Assets.xcassets in Resources */ = {isa = PBXBuildFile; fileRef = 407E14CC1C00AAB40017B3FB /* Assets.xcassets */; };
		407E14D01C00AAB40017B3FB /* LaunchScreen.storyboard in Resources */ = {isa = PBXBuildFile; fileRef = 407E14CE1C00AAB40017B3FB /* LaunchScreen.storyboard */; };
		407E14DB1C00AAB40017B3FB /* BigQuoteTests.swift in Sources */ = {isa = PBXBuildFile; fileRef = 407E14DA1C00AAB40017B3FB /* BigQuoteTests.swift */; };
		407E14E61C00AAB40017B3FB /* BigQuoteUITests.swift in Sources */ = {isa = PBXBuildFile; fileRef = 407E14E51C00AAB40017B3FB /* BigQuoteUITests.swift */; };
		407E14F41C00AEAD0017B3FB /* Config.swift in Sources */ = {isa = PBXBuildFile; fileRef = 407E14F31C00AEAD0017B3FB /* Config.swift */; };
		407E15011C00AF410017B3FB /* APIClient.swift in Sources */ = {isa = PBXBuildFile; fileRef = 407E14F71C00AF410017B3FB /* APIClient.swift */; };
		407E15021C00AF410017B3FB /* APIConstants.swift in Sources */ = {isa = PBXBuildFile; fileRef = 407E14F81C00AF410017B3FB /* APIConstants.swift */; };
		407E150F1C00C0EE0017B3FB /* UIKit+Utility.swift in Sources */ = {isa = PBXBuildFile; fileRef = 407E150E1C00C0EE0017B3FB /* UIKit+Utility.swift */; };
		407E15111C00C2190017B3FB /* Foundation+Utility.swift in Sources */ = {isa = PBXBuildFile; fileRef = 407E15101C00C2190017B3FB /* Foundation+Utility.swift */; };
		407E15131C00C25B0017B3FB /* CoreGraphics+Utility.swift in Sources */ = {isa = PBXBuildFile; fileRef = 407E15121C00C25B0017B3FB /* CoreGraphics+Utility.swift */; };
		407E15171C00D7BE0017B3FB /* MarketplaceAPIClient.swift in Sources */ = {isa = PBXBuildFile; fileRef = 407E15161C00D7BE0017B3FB /* MarketplaceAPIClient.swift */; };
		407E15191C00F5090017B3FB /* CoreText+Utility.swift in Sources */ = {isa = PBXBuildFile; fileRef = 407E15181C00F5090017B3FB /* CoreText+Utility.swift */; };
		40833D831C01969000334BA4 /* ParameterPickerViewController.swift in Sources */ = {isa = PBXBuildFile; fileRef = 40833D821C01969000334BA4 /* ParameterPickerViewController.swift */; };
		40833D8F1C0196F000334BA4 /* BaseManagedObject.swift in Sources */ = {isa = PBXBuildFile; fileRef = 40833D851C0196F000334BA4 /* BaseManagedObject.swift */; };
		40833D961C0196F000334BA4 /* CoreDataStackManager.swift in Sources */ = {isa = PBXBuildFile; fileRef = 40833D8C1C0196F000334BA4 /* CoreDataStackManager.swift */; };
		40833D971C0196F000334BA4 /* FileDownloader.swift in Sources */ = {isa = PBXBuildFile; fileRef = 40833D8D1C0196F000334BA4 /* FileDownloader.swift */; };
		40833D981C0196F000334BA4 /* NSFileManager+Utility.swift in Sources */ = {isa = PBXBuildFile; fileRef = 40833D8E1C0196F000334BA4 /* NSFileManager+Utility.swift */; };
		40833DA81C01A9ED00334BA4 /* LoadingIndicatorView.swift in Sources */ = {isa = PBXBuildFile; fileRef = 40833DA71C01A9ED00334BA4 /* LoadingIndicatorView.swift */; };
		40833DAA1C01AC5A00334BA4 /* Dispatch+Utility.swift in Sources */ = {isa = PBXBuildFile; fileRef = 40833DA91C01AC5A00334BA4 /* Dispatch+Utility.swift */; };
		40833DB81C01BE9600334BA4 /* AuthorsTableViewController.swift in Sources */ = {isa = PBXBuildFile; fileRef = 40833DB71C01BE9600334BA4 /* AuthorsTableViewController.swift */; };
		40833DBA1C01BEA400334BA4 /* HashtagsTableViewController.swift in Sources */ = {isa = PBXBuildFile; fileRef = 40833DB91C01BEA400334BA4 /* HashtagsTableViewController.swift */; };
		40833DC11C01C06100334BA4 /* Hashtag+CoreDataProperties.swift in Sources */ = {isa = PBXBuildFile; fileRef = 40833DBB1C01C06100334BA4 /* Hashtag+CoreDataProperties.swift */; };
		40833DC21C01C06100334BA4 /* Hashtag.swift in Sources */ = {isa = PBXBuildFile; fileRef = 40833DBC1C01C06100334BA4 /* Hashtag.swift */; };
		40833DC31C01C06100334BA4 /* Quote+CoreDataProperties.swift in Sources */ = {isa = PBXBuildFile; fileRef = 40833DBD1C01C06100334BA4 /* Quote+CoreDataProperties.swift */; };
		40833DC41C01C06100334BA4 /* Quote.swift in Sources */ = {isa = PBXBuildFile; fileRef = 40833DBE1C01C06100334BA4 /* Quote.swift */; };
		40833DC51C01C06100334BA4 /* Author+CoreDataProperties.swift in Sources */ = {isa = PBXBuildFile; fileRef = 40833DBF1C01C06100334BA4 /* Author+CoreDataProperties.swift */; };
		40833DC61C01C06100334BA4 /* Author.swift in Sources */ = {isa = PBXBuildFile; fileRef = 40833DC01C01C06100334BA4 /* Author.swift */; };
		40833DCE1C01C0E500334BA4 /* Fonts.plist in Resources */ = {isa = PBXBuildFile; fileRef = 40833DCA1C01C0E500334BA4 /* Fonts.plist */; };
		40833DCF1C01C0E500334BA4 /* Roboto-Medium.ttf in Resources */ = {isa = PBXBuildFile; fileRef = 40833DCB1C01C0E500334BA4 /* Roboto-Medium.ttf */; };
		40833DD01C01C0E500334BA4 /* Roboto-Regular.ttf in Resources */ = {isa = PBXBuildFile; fileRef = 40833DCC1C01C0E500334BA4 /* Roboto-Regular.ttf */; };
		40833DD11C01C0E500334BA4 /* Roboto-Thin.ttf in Resources */ = {isa = PBXBuildFile; fileRef = 40833DCD1C01C0E500334BA4 /* Roboto-Thin.ttf */; };
		40833DD51C01C11200334BA4 /* Colors.plist in Resources */ = {isa = PBXBuildFile; fileRef = 40833DD41C01C11200334BA4 /* Colors.plist */; };
		40833DD71C01C58C00334BA4 /* ImageButton.swift in Sources */ = {isa = PBXBuildFile; fileRef = 40833DD61C01C58C00334BA4 /* ImageButton.swift */; };
		40833DD91C01CEFC00334BA4 /* Constants.swift in Sources */ = {isa = PBXBuildFile; fileRef = 40833DD81C01CEFC00334BA4 /* Constants.swift */; };
		40833DDB1C01D19C00334BA4 /* ImageSearcherViewController.swift in Sources */ = {isa = PBXBuildFile; fileRef = 40833DDA1C01D19C00334BA4 /* ImageSearcherViewController.swift */; };
		40833DDD1C01D7AA00334BA4 /* QuoteView.swift in Sources */ = {isa = PBXBuildFile; fileRef = 40833DDC1C01D7AA00334BA4 /* QuoteView.swift */; };
		40833DDF1C01D82F00334BA4 /* QuoteView.xib in Resources */ = {isa = PBXBuildFile; fileRef = 40833DDE1C01D82F00334BA4 /* QuoteView.xib */; };
		40833DE11C02035D00334BA4 /* Default-568h@2x.png in Resources */ = {isa = PBXBuildFile; fileRef = 40833DE01C02035D00334BA4 /* Default-568h@2x.png */; };
		40833DE41C02138A00334BA4 /* CustomSearchAPIClient.swift in Sources */ = {isa = PBXBuildFile; fileRef = 40833DE31C02138A00334BA4 /* CustomSearchAPIClient.swift */; };
		40833DE61C021E1600334BA4 /* URLImageView.swift in Sources */ = {isa = PBXBuildFile; fileRef = 40833DE51C021E1600334BA4 /* URLImageView.swift */; };
		40833DE81C021FE500334BA4 /* ImageSearcherCell.swift in Sources */ = {isa = PBXBuildFile; fileRef = 40833DE71C021FE500334BA4 /* ImageSearcherCell.swift */; };
		40833DEA1C02245900334BA4 /* ImageCacher.swift in Sources */ = {isa = PBXBuildFile; fileRef = 40833DE91C02245900334BA4 /* ImageCacher.swift */; };
/* End PBXBuildFile section */

/* Begin PBXContainerItemProxy section */
		407E14D71C00AAB40017B3FB /* PBXContainerItemProxy */ = {
			isa = PBXContainerItemProxy;
			containerPortal = 407E14B71C00AAB40017B3FB /* Project object */;
			proxyType = 1;
			remoteGlobalIDString = 407E14BE1C00AAB40017B3FB;
			remoteInfo = BigQuote;
		};
		407E14E21C00AAB40017B3FB /* PBXContainerItemProxy */ = {
			isa = PBXContainerItemProxy;
			containerPortal = 407E14B71C00AAB40017B3FB /* Project object */;
			proxyType = 1;
			remoteGlobalIDString = 407E14BE1C00AAB40017B3FB;
			remoteInfo = BigQuote;
		};
/* End PBXContainerItemProxy section */

/* Begin PBXFileReference section */
		400647441C0187FB00E9BEA8 /* QuotesListController.swift */ = {isa = PBXFileReference; fileEncoding = 4; lastKnownFileType = sourcecode.swift; path = QuotesListController.swift; sourceTree = "<group>"; };
		400647481C0188ED00E9BEA8 /* QuoteGeneratorViewController.swift */ = {isa = PBXFileReference; fileEncoding = 4; lastKnownFileType = sourcecode.swift; path = QuoteGeneratorViewController.swift; sourceTree = "<group>"; };
		406843BE1C0377F000A7CF7C /* QuoteViewCell.swift */ = {isa = PBXFileReference; fileEncoding = 4; lastKnownFileType = sourcecode.swift; path = QuoteViewCell.swift; sourceTree = "<group>"; };
		406843C01C037A8000A7CF7C /* QuoteDetailViewController.swift */ = {isa = PBXFileReference; fileEncoding = 4; lastKnownFileType = sourcecode.swift; path = QuoteDetailViewController.swift; sourceTree = "<group>"; };
		407E14BF1C00AAB40017B3FB /* BigQuote.app */ = {isa = PBXFileReference; explicitFileType = wrapper.application; includeInIndex = 0; path = BigQuote.app; sourceTree = BUILT_PRODUCTS_DIR; };
		407E14C21C00AAB40017B3FB /* AppDelegate.swift */ = {isa = PBXFileReference; lastKnownFileType = sourcecode.swift; path = AppDelegate.swift; sourceTree = "<group>"; };
		407E14C71C00AAB40017B3FB /* Base */ = {isa = PBXFileReference; lastKnownFileType = file.storyboard; name = Base; path = Base.lproj/Main.storyboard; sourceTree = "<group>"; };
		407E14CA1C00AAB40017B3FB /* BigQuote.xcdatamodel */ = {isa = PBXFileReference; lastKnownFileType = wrapper.xcdatamodel; path = BigQuote.xcdatamodel; sourceTree = "<group>"; };
		407E14CC1C00AAB40017B3FB /* Assets.xcassets */ = {isa = PBXFileReference; lastKnownFileType = folder.assetcatalog; path = Assets.xcassets; sourceTree = "<group>"; };
		407E14CF1C00AAB40017B3FB /* Base */ = {isa = PBXFileReference; lastKnownFileType = file.storyboard; name = Base; path = Base.lproj/LaunchScreen.storyboard; sourceTree = "<group>"; };
		407E14D11C00AAB40017B3FB /* Info.plist */ = {isa = PBXFileReference; lastKnownFileType = text.plist.xml; path = Info.plist; sourceTree = "<group>"; };
		407E14D61C00AAB40017B3FB /* BigQuoteTests.xctest */ = {isa = PBXFileReference; explicitFileType = wrapper.cfbundle; includeInIndex = 0; path = BigQuoteTests.xctest; sourceTree = BUILT_PRODUCTS_DIR; };
		407E14DA1C00AAB40017B3FB /* BigQuoteTests.swift */ = {isa = PBXFileReference; lastKnownFileType = sourcecode.swift; path = BigQuoteTests.swift; sourceTree = "<group>"; };
		407E14DC1C00AAB40017B3FB /* Info.plist */ = {isa = PBXFileReference; lastKnownFileType = text.plist.xml; path = Info.plist; sourceTree = "<group>"; };
		407E14E11C00AAB40017B3FB /* BigQuoteUITests.xctest */ = {isa = PBXFileReference; explicitFileType = wrapper.cfbundle; includeInIndex = 0; path = BigQuoteUITests.xctest; sourceTree = BUILT_PRODUCTS_DIR; };
		407E14E51C00AAB40017B3FB /* BigQuoteUITests.swift */ = {isa = PBXFileReference; lastKnownFileType = sourcecode.swift; path = BigQuoteUITests.swift; sourceTree = "<group>"; };
		407E14E71C00AAB40017B3FB /* Info.plist */ = {isa = PBXFileReference; lastKnownFileType = text.plist.xml; path = Info.plist; sourceTree = "<group>"; };
		407E14F31C00AEAD0017B3FB /* Config.swift */ = {isa = PBXFileReference; fileEncoding = 4; lastKnownFileType = sourcecode.swift; path = Config.swift; sourceTree = "<group>"; };
		407E14F71C00AF410017B3FB /* APIClient.swift */ = {isa = PBXFileReference; fileEncoding = 4; lastKnownFileType = sourcecode.swift; path = APIClient.swift; sourceTree = "<group>"; };
		407E14F81C00AF410017B3FB /* APIConstants.swift */ = {isa = PBXFileReference; fileEncoding = 4; lastKnownFileType = sourcecode.swift; path = APIConstants.swift; sourceTree = "<group>"; };
		407E150E1C00C0EE0017B3FB /* UIKit+Utility.swift */ = {isa = PBXFileReference; fileEncoding = 4; lastKnownFileType = sourcecode.swift; path = "UIKit+Utility.swift"; sourceTree = "<group>"; };
		407E15101C00C2190017B3FB /* Foundation+Utility.swift */ = {isa = PBXFileReference; fileEncoding = 4; lastKnownFileType = sourcecode.swift; path = "Foundation+Utility.swift"; sourceTree = "<group>"; };
		407E15121C00C25B0017B3FB /* CoreGraphics+Utility.swift */ = {isa = PBXFileReference; fileEncoding = 4; lastKnownFileType = sourcecode.swift; path = "CoreGraphics+Utility.swift"; sourceTree = "<group>"; };
		407E15161C00D7BE0017B3FB /* MarketplaceAPIClient.swift */ = {isa = PBXFileReference; fileEncoding = 4; lastKnownFileType = sourcecode.swift; path = MarketplaceAPIClient.swift; sourceTree = "<group>"; };
		407E15181C00F5090017B3FB /* CoreText+Utility.swift */ = {isa = PBXFileReference; fileEncoding = 4; lastKnownFileType = sourcecode.swift; path = "CoreText+Utility.swift"; sourceTree = "<group>"; };
		40833D821C01969000334BA4 /* ParameterPickerViewController.swift */ = {isa = PBXFileReference; fileEncoding = 4; lastKnownFileType = sourcecode.swift; path = ParameterPickerViewController.swift; sourceTree = "<group>"; };
		40833D851C0196F000334BA4 /* BaseManagedObject.swift */ = {isa = PBXFileReference; fileEncoding = 4; lastKnownFileType = sourcecode.swift; path = BaseManagedObject.swift; sourceTree = "<group>"; };
		40833D8C1C0196F000334BA4 /* CoreDataStackManager.swift */ = {isa = PBXFileReference; fileEncoding = 4; lastKnownFileType = sourcecode.swift; path = CoreDataStackManager.swift; sourceTree = "<group>"; };
		40833D8D1C0196F000334BA4 /* FileDownloader.swift */ = {isa = PBXFileReference; fileEncoding = 4; lastKnownFileType = sourcecode.swift; path = FileDownloader.swift; sourceTree = "<group>"; };
		40833D8E1C0196F000334BA4 /* NSFileManager+Utility.swift */ = {isa = PBXFileReference; fileEncoding = 4; lastKnownFileType = sourcecode.swift; path = "NSFileManager+Utility.swift"; sourceTree = "<group>"; };
		40833DA71C01A9ED00334BA4 /* LoadingIndicatorView.swift */ = {isa = PBXFileReference; fileEncoding = 4; lastKnownFileType = sourcecode.swift; path = LoadingIndicatorView.swift; sourceTree = "<group>"; };
		40833DA91C01AC5A00334BA4 /* Dispatch+Utility.swift */ = {isa = PBXFileReference; fileEncoding = 4; lastKnownFileType = sourcecode.swift; path = "Dispatch+Utility.swift"; sourceTree = "<group>"; };
		40833DB71C01BE9600334BA4 /* AuthorsTableViewController.swift */ = {isa = PBXFileReference; fileEncoding = 4; lastKnownFileType = sourcecode.swift; path = AuthorsTableViewController.swift; sourceTree = "<group>"; };
		40833DB91C01BEA400334BA4 /* HashtagsTableViewController.swift */ = {isa = PBXFileReference; fileEncoding = 4; lastKnownFileType = sourcecode.swift; path = HashtagsTableViewController.swift; sourceTree = "<group>"; };
		40833DBB1C01C06100334BA4 /* Hashtag+CoreDataProperties.swift */ = {isa = PBXFileReference; fileEncoding = 4; lastKnownFileType = sourcecode.swift; path = "Hashtag+CoreDataProperties.swift"; sourceTree = "<group>"; };
		40833DBC1C01C06100334BA4 /* Hashtag.swift */ = {isa = PBXFileReference; fileEncoding = 4; lastKnownFileType = sourcecode.swift; path = Hashtag.swift; sourceTree = "<group>"; };
		40833DBD1C01C06100334BA4 /* Quote+CoreDataProperties.swift */ = {isa = PBXFileReference; fileEncoding = 4; lastKnownFileType = sourcecode.swift; path = "Quote+CoreDataProperties.swift"; sourceTree = "<group>"; };
		40833DBE1C01C06100334BA4 /* Quote.swift */ = {isa = PBXFileReference; fileEncoding = 4; lastKnownFileType = sourcecode.swift; path = Quote.swift; sourceTree = "<group>"; };
		40833DBF1C01C06100334BA4 /* Author+CoreDataProperties.swift */ = {isa = PBXFileReference; fileEncoding = 4; lastKnownFileType = sourcecode.swift; path = "Author+CoreDataProperties.swift"; sourceTree = "<group>"; };
		40833DC01C01C06100334BA4 /* Author.swift */ = {isa = PBXFileReference; fileEncoding = 4; lastKnownFileType = sourcecode.swift; path = Author.swift; sourceTree = "<group>"; };
		40833DCA1C01C0E500334BA4 /* Fonts.plist */ = {isa = PBXFileReference; fileEncoding = 4; lastKnownFileType = text.plist.xml; path = Fonts.plist; sourceTree = "<group>"; };
		40833DCB1C01C0E500334BA4 /* Roboto-Medium.ttf */ = {isa = PBXFileReference; lastKnownFileType = file; path = "Roboto-Medium.ttf"; sourceTree = "<group>"; };
		40833DCC1C01C0E500334BA4 /* Roboto-Regular.ttf */ = {isa = PBXFileReference; lastKnownFileType = file; path = "Roboto-Regular.ttf"; sourceTree = "<group>"; };
		40833DCD1C01C0E500334BA4 /* Roboto-Thin.ttf */ = {isa = PBXFileReference; lastKnownFileType = file; path = "Roboto-Thin.ttf"; sourceTree = "<group>"; };
		40833DD41C01C11200334BA4 /* Colors.plist */ = {isa = PBXFileReference; fileEncoding = 4; lastKnownFileType = text.plist.xml; path = Colors.plist; sourceTree = "<group>"; };
		40833DD61C01C58C00334BA4 /* ImageButton.swift */ = {isa = PBXFileReference; fileEncoding = 4; lastKnownFileType = sourcecode.swift; path = ImageButton.swift; sourceTree = "<group>"; };
		40833DD81C01CEFC00334BA4 /* Constants.swift */ = {isa = PBXFileReference; fileEncoding = 4; lastKnownFileType = sourcecode.swift; path = Constants.swift; sourceTree = "<group>"; };
		40833DDA1C01D19C00334BA4 /* ImageSearcherViewController.swift */ = {isa = PBXFileReference; fileEncoding = 4; lastKnownFileType = sourcecode.swift; path = ImageSearcherViewController.swift; sourceTree = "<group>"; };
		40833DDC1C01D7AA00334BA4 /* QuoteView.swift */ = {isa = PBXFileReference; fileEncoding = 4; lastKnownFileType = sourcecode.swift; path = QuoteView.swift; sourceTree = "<group>"; };
		40833DDE1C01D82F00334BA4 /* QuoteView.xib */ = {isa = PBXFileReference; fileEncoding = 4; lastKnownFileType = file.xib; path = QuoteView.xib; sourceTree = "<group>"; };
		40833DE01C02035D00334BA4 /* Default-568h@2x.png */ = {isa = PBXFileReference; lastKnownFileType = image.png; path = "Default-568h@2x.png"; sourceTree = "<group>"; };
		40833DE31C02138A00334BA4 /* CustomSearchAPIClient.swift */ = {isa = PBXFileReference; fileEncoding = 4; lastKnownFileType = sourcecode.swift; name = CustomSearchAPIClient.swift; path = GoogleCustomSearchAPI/CustomSearchAPIClient.swift; sourceTree = "<group>"; };
		40833DE51C021E1600334BA4 /* URLImageView.swift */ = {isa = PBXFileReference; fileEncoding = 4; lastKnownFileType = sourcecode.swift; path = URLImageView.swift; sourceTree = "<group>"; };
		40833DE71C021FE500334BA4 /* ImageSearcherCell.swift */ = {isa = PBXFileReference; fileEncoding = 4; lastKnownFileType = sourcecode.swift; path = ImageSearcherCell.swift; sourceTree = "<group>"; };
		40833DE91C02245900334BA4 /* ImageCacher.swift */ = {isa = PBXFileReference; fileEncoding = 4; lastKnownFileType = sourcecode.swift; path = ImageCacher.swift; sourceTree = "<group>"; };
/* End PBXFileReference section */

/* Begin PBXFrameworksBuildPhase section */
		407E14BC1C00AAB40017B3FB /* Frameworks */ = {
			isa = PBXFrameworksBuildPhase;
			buildActionMask = 2147483647;
			files = (
			);
			runOnlyForDeploymentPostprocessing = 0;
		};
		407E14D31C00AAB40017B3FB /* Frameworks */ = {
			isa = PBXFrameworksBuildPhase;
			buildActionMask = 2147483647;
			files = (
			);
			runOnlyForDeploymentPostprocessing = 0;
		};
		407E14DE1C00AAB40017B3FB /* Frameworks */ = {
			isa = PBXFrameworksBuildPhase;
			buildActionMask = 2147483647;
			files = (
			);
			runOnlyForDeploymentPostprocessing = 0;
		};
/* End PBXFrameworksBuildPhase section */

/* Begin PBXGroup section */
		407E14B61C00AAB40017B3FB = {
			isa = PBXGroup;
			children = (
				40833DE01C02035D00334BA4 /* Default-568h@2x.png */,
				40833DC91C01C0E500334BA4 /* Fonts */,
				407E14C11C00AAB40017B3FB /* BigQuote */,
				407E14D91C00AAB40017B3FB /* BigQuoteTests */,
				407E14E41C00AAB40017B3FB /* BigQuoteUITests */,
				407E14C01C00AAB40017B3FB /* Products */,
			);
			sourceTree = "<group>";
		};
		407E14C01C00AAB40017B3FB /* Products */ = {
			isa = PBXGroup;
			children = (
				407E14BF1C00AAB40017B3FB /* BigQuote.app */,
				407E14D61C00AAB40017B3FB /* BigQuoteTests.xctest */,
				407E14E11C00AAB40017B3FB /* BigQuoteUITests.xctest */,
			);
			name = Products;
			sourceTree = "<group>";
		};
		407E14C11C00AAB40017B3FB /* BigQuote */ = {
			isa = PBXGroup;
			children = (
				407E14F51C00AF410017B3FB /* Models */,
				407E14FF1C00AF410017B3FB /* ViewControllers */,
				407E15001C00AF410017B3FB /* Views */,
				407E150D1C00C0DD0017B3FB /* Helpers */,
				407E14F31C00AEAD0017B3FB /* Config.swift */,
				40833DD81C01CEFC00334BA4 /* Constants.swift */,
				407E14C21C00AAB40017B3FB /* AppDelegate.swift */,
				407E14C61C00AAB40017B3FB /* Main.storyboard */,
				407E14CC1C00AAB40017B3FB /* Assets.xcassets */,
				407E14CE1C00AAB40017B3FB /* LaunchScreen.storyboard */,
				407E14D11C00AAB40017B3FB /* Info.plist */,
				407E14C91C00AAB40017B3FB /* BigQuote.xcdatamodeld */,
				40833DD41C01C11200334BA4 /* Colors.plist */,
			);
			path = BigQuote;
			sourceTree = "<group>";
		};
		407E14D91C00AAB40017B3FB /* BigQuoteTests */ = {
			isa = PBXGroup;
			children = (
				407E14DA1C00AAB40017B3FB /* BigQuoteTests.swift */,
				407E14DC1C00AAB40017B3FB /* Info.plist */,
			);
			path = BigQuoteTests;
			sourceTree = "<group>";
		};
		407E14E41C00AAB40017B3FB /* BigQuoteUITests */ = {
			isa = PBXGroup;
			children = (
				407E14E51C00AAB40017B3FB /* BigQuoteUITests.swift */,
				407E14E71C00AAB40017B3FB /* Info.plist */,
			);
			path = BigQuoteUITests;
			sourceTree = "<group>";
		};
		407E14F51C00AF410017B3FB /* Models */ = {
			isa = PBXGroup;
			children = (
				40833D841C0196F000334BA4 /* CoreData */,
				407E14F61C00AF410017B3FB /* API */,
				40833D8C1C0196F000334BA4 /* CoreDataStackManager.swift */,
				40833D8D1C0196F000334BA4 /* FileDownloader.swift */,
				40833D8E1C0196F000334BA4 /* NSFileManager+Utility.swift */,
				40833DE91C02245900334BA4 /* ImageCacher.swift */,
			);
			path = Models;
			sourceTree = "<group>";
		};
		407E14F61C00AF410017B3FB /* API */ = {
			isa = PBXGroup;
			children = (
				40833DE21C02135D00334BA4 /* GoogleCustomSearchAPI */,
				407E15081C00B2600017B3FB /* MarketplaceAPI */,
				407E14F71C00AF410017B3FB /* APIClient.swift */,
				407E14F81C00AF410017B3FB /* APIConstants.swift */,
			);
			path = API;
			sourceTree = "<group>";
		};
		407E14FF1C00AF410017B3FB /* ViewControllers */ = {
			isa = PBXGroup;
			children = (
				40833DB71C01BE9600334BA4 /* AuthorsTableViewController.swift */,
				40833DB91C01BEA400334BA4 /* HashtagsTableViewController.swift */,
				400647441C0187FB00E9BEA8 /* QuotesListController.swift */,
				400647481C0188ED00E9BEA8 /* QuoteGeneratorViewController.swift */,
				40833D821C01969000334BA4 /* ParameterPickerViewController.swift */,
				40833DDA1C01D19C00334BA4 /* ImageSearcherViewController.swift */,
				406843C01C037A8000A7CF7C /* QuoteDetailViewController.swift */,
			);
			path = ViewControllers;
			sourceTree = "<group>";
		};
		407E15001C00AF410017B3FB /* Views */ = {
			isa = PBXGroup;
			children = (
				40833DA71C01A9ED00334BA4 /* LoadingIndicatorView.swift */,
				40833DD61C01C58C00334BA4 /* ImageButton.swift */,
				40833DDC1C01D7AA00334BA4 /* QuoteView.swift */,
				40833DDE1C01D82F00334BA4 /* QuoteView.xib */,
				40833DE51C021E1600334BA4 /* URLImageView.swift */,
				40833DE71C021FE500334BA4 /* ImageSearcherCell.swift */,
				406843BE1C0377F000A7CF7C /* QuoteViewCell.swift */,
			);
			path = Views;
			sourceTree = "<group>";
		};
		407E15081C00B2600017B3FB /* MarketplaceAPI */ = {
			isa = PBXGroup;
			children = (
				407E15161C00D7BE0017B3FB /* MarketplaceAPIClient.swift */,
			);
			path = MarketplaceAPI;
			sourceTree = "<group>";
		};
		407E150D1C00C0DD0017B3FB /* Helpers */ = {
			isa = PBXGroup;
			children = (
				407E150E1C00C0EE0017B3FB /* UIKit+Utility.swift */,
				407E15101C00C2190017B3FB /* Foundation+Utility.swift */,
				407E15121C00C25B0017B3FB /* CoreGraphics+Utility.swift */,
				407E15181C00F5090017B3FB /* CoreText+Utility.swift */,
				40833DA91C01AC5A00334BA4 /* Dispatch+Utility.swift */,
			);
			path = Helpers;
			sourceTree = "<group>";
		};
		40833D841C0196F000334BA4 /* CoreData */ = {
			isa = PBXGroup;
			children = (
				40833D851C0196F000334BA4 /* BaseManagedObject.swift */,
				40833DBB1C01C06100334BA4 /* Hashtag+CoreDataProperties.swift */,
				40833DBC1C01C06100334BA4 /* Hashtag.swift */,
				40833DBD1C01C06100334BA4 /* Quote+CoreDataProperties.swift */,
				40833DBE1C01C06100334BA4 /* Quote.swift */,
				40833DBF1C01C06100334BA4 /* Author+CoreDataProperties.swift */,
				40833DC01C01C06100334BA4 /* Author.swift */,
			);
			path = CoreData;
			sourceTree = "<group>";
		};
		40833DC91C01C0E500334BA4 /* Fonts */ = {
			isa = PBXGroup;
			children = (
				40833DCA1C01C0E500334BA4 /* Fonts.plist */,
				40833DCB1C01C0E500334BA4 /* Roboto-Medium.ttf */,
				40833DCC1C01C0E500334BA4 /* Roboto-Regular.ttf */,
				40833DCD1C01C0E500334BA4 /* Roboto-Thin.ttf */,
			);
			path = Fonts;
			sourceTree = "<group>";
		};
		40833DE21C02135D00334BA4 /* GoogleCustomSearchAPI */ = {
			isa = PBXGroup;
			children = (
				40833DE31C02138A00334BA4 /* CustomSearchAPIClient.swift */,
			);
			name = GoogleCustomSearchAPI;
			sourceTree = "<group>";
		};
/* End PBXGroup section */

/* Begin PBXNativeTarget section */
		407E14BE1C00AAB40017B3FB /* BigQuote */ = {
			isa = PBXNativeTarget;
			buildConfigurationList = 407E14EA1C00AAB40017B3FB /* Build configuration list for PBXNativeTarget "BigQuote" */;
			buildPhases = (
				407E14BB1C00AAB40017B3FB /* Sources */,
				407E14BC1C00AAB40017B3FB /* Frameworks */,
				407E14BD1C00AAB40017B3FB /* Resources */,
			);
			buildRules = (
			);
			dependencies = (
			);
			name = BigQuote;
			productName = BigQuote;
			productReference = 407E14BF1C00AAB40017B3FB /* BigQuote.app */;
			productType = "com.apple.product-type.application";
		};
		407E14D51C00AAB40017B3FB /* BigQuoteTests */ = {
			isa = PBXNativeTarget;
			buildConfigurationList = 407E14ED1C00AAB40017B3FB /* Build configuration list for PBXNativeTarget "BigQuoteTests" */;
			buildPhases = (
				407E14D21C00AAB40017B3FB /* Sources */,
				407E14D31C00AAB40017B3FB /* Frameworks */,
				407E14D41C00AAB40017B3FB /* Resources */,
			);
			buildRules = (
			);
			dependencies = (
				407E14D81C00AAB40017B3FB /* PBXTargetDependency */,
			);
			name = BigQuoteTests;
			productName = BigQuoteTests;
			productReference = 407E14D61C00AAB40017B3FB /* BigQuoteTests.xctest */;
			productType = "com.apple.product-type.bundle.unit-test";
		};
		407E14E01C00AAB40017B3FB /* BigQuoteUITests */ = {
			isa = PBXNativeTarget;
			buildConfigurationList = 407E14F01C00AAB40017B3FB /* Build configuration list for PBXNativeTarget "BigQuoteUITests" */;
			buildPhases = (
				407E14DD1C00AAB40017B3FB /* Sources */,
				407E14DE1C00AAB40017B3FB /* Frameworks */,
				407E14DF1C00AAB40017B3FB /* Resources */,
			);
			buildRules = (
			);
			dependencies = (
				407E14E31C00AAB40017B3FB /* PBXTargetDependency */,
			);
			name = BigQuoteUITests;
			productName = BigQuoteUITests;
			productReference = 407E14E11C00AAB40017B3FB /* BigQuoteUITests.xctest */;
			productType = "com.apple.product-type.bundle.ui-testing";
		};
/* End PBXNativeTarget section */

/* Begin PBXProject section */
		407E14B71C00AAB40017B3FB /* Project object */ = {
			isa = PBXProject;
			attributes = {
				LastSwiftUpdateCheck = 0710;
				LastUpgradeCheck = 0710;
				ORGANIZATIONNAME = "Adi Li";
				TargetAttributes = {
					407E14BE1C00AAB40017B3FB = {
						CreatedOnToolsVersion = 7.1.1;
						DevelopmentTeam = ZYDPLB77JP;
					};
					407E14D51C00AAB40017B3FB = {
						CreatedOnToolsVersion = 7.1.1;
						DevelopmentTeam = ZYDPLB77JP;
						TestTargetID = 407E14BE1C00AAB40017B3FB;
					};
					407E14E01C00AAB40017B3FB = {
						CreatedOnToolsVersion = 7.1.1;
						DevelopmentTeam = ZYDPLB77JP;
						TestTargetID = 407E14BE1C00AAB40017B3FB;
					};
				};
			};
			buildConfigurationList = 407E14BA1C00AAB40017B3FB /* Build configuration list for PBXProject "BigQuote" */;
			compatibilityVersion = "Xcode 3.2";
			developmentRegion = English;
			hasScannedForEncodings = 0;
			knownRegions = (
				en,
				Base,
			);
			mainGroup = 407E14B61C00AAB40017B3FB;
			productRefGroup = 407E14C01C00AAB40017B3FB /* Products */;
			projectDirPath = "";
			projectRoot = "";
			targets = (
				407E14BE1C00AAB40017B3FB /* BigQuote */,
				407E14D51C00AAB40017B3FB /* BigQuoteTests */,
				407E14E01C00AAB40017B3FB /* BigQuoteUITests */,
			);
		};
/* End PBXProject section */

/* Begin PBXResourcesBuildPhase section */
		407E14BD1C00AAB40017B3FB /* Resources */ = {
			isa = PBXResourcesBuildPhase;
			buildActionMask = 2147483647;
			files = (
				40833DD51C01C11200334BA4 /* Colors.plist in Resources */,
				40833DD11C01C0E500334BA4 /* Roboto-Thin.ttf in Resources */,
				40833DD01C01C0E500334BA4 /* Roboto-Regular.ttf in Resources */,
				40833DE11C02035D00334BA4 /* Default-568h@2x.png in Resources */,
				40833DDF1C01D82F00334BA4 /* QuoteView.xib in Resources */,
				40833DCF1C01C0E500334BA4 /* Roboto-Medium.ttf in Resources */,
				407E14D01C00AAB40017B3FB /* LaunchScreen.storyboard in Resources */,
				407E14CD1C00AAB40017B3FB /* Assets.xcassets in Resources */,
				407E14C81C00AAB40017B3FB /* Main.storyboard in Resources */,
				40833DCE1C01C0E500334BA4 /* Fonts.plist in Resources */,
			);
			runOnlyForDeploymentPostprocessing = 0;
		};
		407E14D41C00AAB40017B3FB /* Resources */ = {
			isa = PBXResourcesBuildPhase;
			buildActionMask = 2147483647;
			files = (
			);
			runOnlyForDeploymentPostprocessing = 0;
		};
		407E14DF1C00AAB40017B3FB /* Resources */ = {
			isa = PBXResourcesBuildPhase;
			buildActionMask = 2147483647;
			files = (
			);
			runOnlyForDeploymentPostprocessing = 0;
		};
/* End PBXResourcesBuildPhase section */

/* Begin PBXSourcesBuildPhase section */
		407E14BB1C00AAB40017B3FB /* Sources */ = {
			isa = PBXSourcesBuildPhase;
			buildActionMask = 2147483647;
			files = (
				40833DE41C02138A00334BA4 /* CustomSearchAPIClient.swift in Sources */,
				40833DC31C01C06100334BA4 /* Quote+CoreDataProperties.swift in Sources */,
				40833DAA1C01AC5A00334BA4 /* Dispatch+Utility.swift in Sources */,
				400647451C0187FB00E9BEA8 /* QuotesListController.swift in Sources */,
				406843C11C037A8000A7CF7C /* QuoteDetailViewController.swift in Sources */,
				407E14F41C00AEAD0017B3FB /* Config.swift in Sources */,
				40833DB81C01BE9600334BA4 /* AuthorsTableViewController.swift in Sources */,
				40833DDB1C01D19C00334BA4 /* ImageSearcherViewController.swift in Sources */,
				40833DD91C01CEFC00334BA4 /* Constants.swift in Sources */,
				407E15131C00C25B0017B3FB /* CoreGraphics+Utility.swift in Sources */,
				40833DBA1C01BEA400334BA4 /* HashtagsTableViewController.swift in Sources */,
				407E15111C00C2190017B3FB /* Foundation+Utility.swift in Sources */,
				40833DDD1C01D7AA00334BA4 /* QuoteView.swift in Sources */,
				407E15021C00AF410017B3FB /* APIConstants.swift in Sources */,
				40833D831C01969000334BA4 /* ParameterPickerViewController.swift in Sources */,
				40833DA81C01A9ED00334BA4 /* LoadingIndicatorView.swift in Sources */,
				407E15191C00F5090017B3FB /* CoreText+Utility.swift in Sources */,
				40833D8F1C0196F000334BA4 /* BaseManagedObject.swift in Sources */,
				40833D981C0196F000334BA4 /* NSFileManager+Utility.swift in Sources */,
				407E15171C00D7BE0017B3FB /* MarketplaceAPIClient.swift in Sources */,
				407E14C31C00AAB40017B3FB /* AppDelegate.swift in Sources */,
				40833DE81C021FE500334BA4 /* ImageSearcherCell.swift in Sources */,
				40833D961C0196F000334BA4 /* CoreDataStackManager.swift in Sources */,
				40833DC41C01C06100334BA4 /* Quote.swift in Sources */,
				407E15011C00AF410017B3FB /* APIClient.swift in Sources */,
				40833DC51C01C06100334BA4 /* Author+CoreDataProperties.swift in Sources */,
				407E150F1C00C0EE0017B3FB /* UIKit+Utility.swift in Sources */,
				40833D971C0196F000334BA4 /* FileDownloader.swift in Sources */,
				40833DE61C021E1600334BA4 /* URLImageView.swift in Sources */,
				407E14CB1C00AAB40017B3FB /* BigQuote.xcdatamodeld in Sources */,
				400647491C0188ED00E9BEA8 /* QuoteGeneratorViewController.swift in Sources */,
				40833DD71C01C58C00334BA4 /* ImageButton.swift in Sources */,
				40833DC11C01C06100334BA4 /* Hashtag+CoreDataProperties.swift in Sources */,
				40833DEA1C02245900334BA4 /* ImageCacher.swift in Sources */,
				40833DC61C01C06100334BA4 /* Author.swift in Sources */,
				40833DC21C01C06100334BA4 /* Hashtag.swift in Sources */,
				406843BF1C0377F000A7CF7C /* QuoteViewCell.swift in Sources */,
			);
			runOnlyForDeploymentPostprocessing = 0;
		};
		407E14D21C00AAB40017B3FB /* Sources */ = {
			isa = PBXSourcesBuildPhase;
			buildActionMask = 2147483647;
			files = (
				407E14DB1C00AAB40017B3FB /* BigQuoteTests.swift in Sources */,
			);
			runOnlyForDeploymentPostprocessing = 0;
		};
		407E14DD1C00AAB40017B3FB /* Sources */ = {
			isa = PBXSourcesBuildPhase;
			buildActionMask = 2147483647;
			files = (
				407E14E61C00AAB40017B3FB /* BigQuoteUITests.swift in Sources */,
			);
			runOnlyForDeploymentPostprocessing = 0;
		};
/* End PBXSourcesBuildPhase section */

/* Begin PBXTargetDependency section */
		407E14D81C00AAB40017B3FB /* PBXTargetDependency */ = {
			isa = PBXTargetDependency;
			target = 407E14BE1C00AAB40017B3FB /* BigQuote */;
			targetProxy = 407E14D71C00AAB40017B3FB /* PBXContainerItemProxy */;
		};
		407E14E31C00AAB40017B3FB /* PBXTargetDependency */ = {
			isa = PBXTargetDependency;
			target = 407E14BE1C00AAB40017B3FB /* BigQuote */;
			targetProxy = 407E14E21C00AAB40017B3FB /* PBXContainerItemProxy */;
		};
/* End PBXTargetDependency section */

/* Begin PBXVariantGroup section */
		407E14C61C00AAB40017B3FB /* Main.storyboard */ = {
			isa = PBXVariantGroup;
			children = (
				407E14C71C00AAB40017B3FB /* Base */,
			);
			name = Main.storyboard;
			sourceTree = "<group>";
		};
		407E14CE1C00AAB40017B3FB /* LaunchScreen.storyboard */ = {
			isa = PBXVariantGroup;
			children = (
				407E14CF1C00AAB40017B3FB /* Base */,
			);
			name = LaunchScreen.storyboard;
			sourceTree = "<group>";
		};
/* End PBXVariantGroup section */

/* Begin XCBuildConfiguration section */
		407E14E81C00AAB40017B3FB /* Debug */ = {
			isa = XCBuildConfiguration;
			buildSettings = {
				ALWAYS_SEARCH_USER_PATHS = NO;
				CLANG_CXX_LANGUAGE_STANDARD = "gnu++0x";
				CLANG_CXX_LIBRARY = "libc++";
				CLANG_ENABLE_MODULES = YES;
				CLANG_ENABLE_OBJC_ARC = YES;
				CLANG_WARN_BOOL_CONVERSION = YES;
				CLANG_WARN_CONSTANT_CONVERSION = YES;
				CLANG_WARN_DIRECT_OBJC_ISA_USAGE = YES_ERROR;
				CLANG_WARN_EMPTY_BODY = YES;
				CLANG_WARN_ENUM_CONVERSION = YES;
				CLANG_WARN_INT_CONVERSION = YES;
				CLANG_WARN_OBJC_ROOT_CLASS = YES_ERROR;
				CLANG_WARN_UNREACHABLE_CODE = YES;
				CLANG_WARN__DUPLICATE_METHOD_MATCH = YES;
				"CODE_SIGN_IDENTITY[sdk=iphoneos*]" = "iPhone Developer";
				COPY_PHASE_STRIP = NO;
				DEBUG_INFORMATION_FORMAT = dwarf;
				ENABLE_STRICT_OBJC_MSGSEND = YES;
				ENABLE_TESTABILITY = YES;
				GCC_C_LANGUAGE_STANDARD = gnu99;
				GCC_DYNAMIC_NO_PIC = NO;
				GCC_NO_COMMON_BLOCKS = YES;
				GCC_OPTIMIZATION_LEVEL = 0;
				GCC_PREPROCESSOR_DEFINITIONS = (
					"DEBUG=1",
					"$(inherited)",
				);
				GCC_WARN_64_TO_32_BIT_CONVERSION = YES;
				GCC_WARN_ABOUT_RETURN_TYPE = YES_ERROR;
				GCC_WARN_UNDECLARED_SELECTOR = YES;
				GCC_WARN_UNINITIALIZED_AUTOS = YES_AGGRESSIVE;
				GCC_WARN_UNUSED_FUNCTION = YES;
				GCC_WARN_UNUSED_VARIABLE = YES;
				IPHONEOS_DEPLOYMENT_TARGET = 9.1;
				MTL_ENABLE_DEBUG_INFO = YES;
				ONLY_ACTIVE_ARCH = YES;
				SDKROOT = iphoneos;
				SWIFT_OPTIMIZATION_LEVEL = "-Onone";
			};
			name = Debug;
		};
		407E14E91C00AAB40017B3FB /* Release */ = {
			isa = XCBuildConfiguration;
			buildSettings = {
				ALWAYS_SEARCH_USER_PATHS = NO;
				CLANG_CXX_LANGUAGE_STANDARD = "gnu++0x";
				CLANG_CXX_LIBRARY = "libc++";
				CLANG_ENABLE_MODULES = YES;
				CLANG_ENABLE_OBJC_ARC = YES;
				CLANG_WARN_BOOL_CONVERSION = YES;
				CLANG_WARN_CONSTANT_CONVERSION = YES;
				CLANG_WARN_DIRECT_OBJC_ISA_USAGE = YES_ERROR;
				CLANG_WARN_EMPTY_BODY = YES;
				CLANG_WARN_ENUM_CONVERSION = YES;
				CLANG_WARN_INT_CONVERSION = YES;
				CLANG_WARN_OBJC_ROOT_CLASS = YES_ERROR;
				CLANG_WARN_UNREACHABLE_CODE = YES;
				CLANG_WARN__DUPLICATE_METHOD_MATCH = YES;
				"CODE_SIGN_IDENTITY[sdk=iphoneos*]" = "iPhone Developer";
				COPY_PHASE_STRIP = NO;
				DEBUG_INFORMATION_FORMAT = "dwarf-with-dsym";
				ENABLE_NS_ASSERTIONS = NO;
				ENABLE_STRICT_OBJC_MSGSEND = YES;
				GCC_C_LANGUAGE_STANDARD = gnu99;
				GCC_NO_COMMON_BLOCKS = YES;
				GCC_WARN_64_TO_32_BIT_CONVERSION = YES;
				GCC_WARN_ABOUT_RETURN_TYPE = YES_ERROR;
				GCC_WARN_UNDECLARED_SELECTOR = YES;
				GCC_WARN_UNINITIALIZED_AUTOS = YES_AGGRESSIVE;
				GCC_WARN_UNUSED_FUNCTION = YES;
				GCC_WARN_UNUSED_VARIABLE = YES;
				IPHONEOS_DEPLOYMENT_TARGET = 9.1;
				MTL_ENABLE_DEBUG_INFO = NO;
				SDKROOT = iphoneos;
				VALIDATE_PRODUCT = YES;
			};
			name = Release;
		};
		407E14EB1C00AAB40017B3FB /* Debug */ = {
			isa = XCBuildConfiguration;
			buildSettings = {
				ASSETCATALOG_COMPILER_APPICON_NAME = AppIcon;
				CODE_SIGN_IDENTITY = "iPhone Developer";
				INFOPLIST_FILE = BigQuote/Info.plist;
				LD_RUNPATH_SEARCH_PATHS = "$(inherited) @executable_path/Frameworks";
				PRODUCT_BUNDLE_IDENTIFIER = li.adi.BigQuote;
				PRODUCT_NAME = "$(TARGET_NAME)";
			};
			name = Debug;
		};
		407E14EC1C00AAB40017B3FB /* Release */ = {
			isa = XCBuildConfiguration;
			buildSettings = {
				ASSETCATALOG_COMPILER_APPICON_NAME = AppIcon;
				CODE_SIGN_IDENTITY = "iPhone Developer";
				INFOPLIST_FILE = BigQuote/Info.plist;
				LD_RUNPATH_SEARCH_PATHS = "$(inherited) @executable_path/Frameworks";
				PRODUCT_BUNDLE_IDENTIFIER = li.adi.BigQuote;
				PRODUCT_NAME = "$(TARGET_NAME)";
			};
			name = Release;
		};
		407E14EE1C00AAB40017B3FB /* Debug */ = {
			isa = XCBuildConfiguration;
			buildSettings = {
				BUNDLE_LOADER = "$(TEST_HOST)";
				INFOPLIST_FILE = BigQuoteTests/Info.plist;
				LD_RUNPATH_SEARCH_PATHS = "$(inherited) @executable_path/Frameworks @loader_path/Frameworks";
				PRODUCT_BUNDLE_IDENTIFIER = li.adi.BigQuoteTests;
				PRODUCT_NAME = "$(TARGET_NAME)";
				TEST_HOST = "$(BUILT_PRODUCTS_DIR)/BigQuote.app/BigQuote";
			};
			name = Debug;
		};
		407E14EF1C00AAB40017B3FB /* Release */ = {
			isa = XCBuildConfiguration;
			buildSettings = {
				BUNDLE_LOADER = "$(TEST_HOST)";
				INFOPLIST_FILE = BigQuoteTests/Info.plist;
				LD_RUNPATH_SEARCH_PATHS = "$(inherited) @executable_path/Frameworks @loader_path/Frameworks";
				PRODUCT_BUNDLE_IDENTIFIER = li.adi.BigQuoteTests;
				PRODUCT_NAME = "$(TARGET_NAME)";
				TEST_HOST = "$(BUILT_PRODUCTS_DIR)/BigQuote.app/BigQuote";
			};
			name = Release;
		};
		407E14F11C00AAB40017B3FB /* Debug */ = {
			isa = XCBuildConfiguration;
			buildSettings = {
				INFOPLIST_FILE = BigQuoteUITests/Info.plist;
				LD_RUNPATH_SEARCH_PATHS = "$(inherited) @executable_path/Frameworks @loader_path/Frameworks";
				PRODUCT_BUNDLE_IDENTIFIER = li.adi.BigQuoteUITests;
				PRODUCT_NAME = "$(TARGET_NAME)";
				TEST_TARGET_NAME = BigQuote;
				USES_XCTRUNNER = YES;
			};
			name = Debug;
		};
		407E14F21C00AAB40017B3FB /* Release */ = {
			isa = XCBuildConfiguration;
			buildSettings = {
				INFOPLIST_FILE = BigQuoteUITests/Info.plist;
				LD_RUNPATH_SEARCH_PATHS = "$(inherited) @executable_path/Frameworks @loader_path/Frameworks";
				PRODUCT_BUNDLE_IDENTIFIER = li.adi.BigQuoteUITests;
				PRODUCT_NAME = "$(TARGET_NAME)";
				TEST_TARGET_NAME = BigQuote;
				USES_XCTRUNNER = YES;
			};
			name = Release;
		};
/* End XCBuildConfiguration section */

/* Begin XCConfigurationList section */
		407E14BA1C00AAB40017B3FB /* Build configuration list for PBXProject "BigQuote" */ = {
			isa = XCConfigurationList;
			buildConfigurations = (
				407E14E81C00AAB40017B3FB /* Debug */,
				407E14E91C00AAB40017B3FB /* Release */,
			);
			defaultConfigurationIsVisible = 0;
			defaultConfigurationName = Release;
		};
		407E14EA1C00AAB40017B3FB /* Build configuration list for PBXNativeTarget "BigQuote" */ = {
			isa = XCConfigurationList;
			buildConfigurations = (
				407E14EB1C00AAB40017B3FB /* Debug */,
				407E14EC1C00AAB40017B3FB /* Release */,
			);
			defaultConfigurationIsVisible = 0;
			defaultConfigurationName = Release;
		};
		407E14ED1C00AAB40017B3FB /* Build configuration list for PBXNativeTarget "BigQuoteTests" */ = {
			isa = XCConfigurationList;
			buildConfigurations = (
				407E14EE1C00AAB40017B3FB /* Debug */,
				407E14EF1C00AAB40017B3FB /* Release */,
			);
			defaultConfigurationIsVisible = 0;
			defaultConfigurationName = Release;
		};
		407E14F01C00AAB40017B3FB /* Build configuration list for PBXNativeTarget "BigQuoteUITests" */ = {
			isa = XCConfigurationList;
			buildConfigurations = (
				407E14F11C00AAB40017B3FB /* Debug */,
				407E14F21C00AAB40017B3FB /* Release */,
			);
			defaultConfigurationIsVisible = 0;
			defaultConfigurationName = Release;
		};
/* End XCConfigurationList section */

/* Begin XCVersionGroup section */
		407E14C91C00AAB40017B3FB /* BigQuote.xcdatamodeld */ = {
			isa = XCVersionGroup;
			children = (
				407E14CA1C00AAB40017B3FB /* BigQuote.xcdatamodel */,
			);
			currentVersion = 407E14CA1C00AAB40017B3FB /* BigQuote.xcdatamodel */;
			path = BigQuote.xcdatamodeld;
			sourceTree = "<group>";
			versionGroupType = wrapper.xcdatamodel;
		};
/* End XCVersionGroup section */
	};
	rootObject = 407E14B71C00AAB40017B3FB /* Project object */;
}
